
Microsoft Visual Studio Solution File, Format Version 12.00
# Visual Studio Version 17
VisualStudioVersion = 17.14.37027.9
MinimumVisualStudioVersion = 10.0.40219.1
Project("{FAE04EC0-301F-11D3-BF4B-00C04F79EFBC}") = "phonemanagement", "phonemanagement\phonemanagement.csproj", "{B742D6F2-C1B0-464C-888E-5AD89FC9E11F}"
EndProject
Global
	GlobalSection(SolutionConfigurationPlatforms) = preSolution
		Debug|Any CPU = Debug|Any CPU
		Release|Any CPU = Release|Any CPU
	EndGlobalSection
	GlobalSection(ProjectConfigurationPlatforms) = postSolution
		{B742D6F2-C1B0-464C-888E-5AD89FC9E11F}.Debug|Any CPU.ActiveCfg = Debug|Any CPU
		{B742D6F2-C1B0-464C-888E-5AD89FC9E11F}.Debug|Any CPU.Build.0 = Debug|Any CPU
		{B742D6F2-C1B0-464C-888E-5AD89FC9E11F}.Release|Any CPU.ActiveCfg = Release|Any CPU
		{B742D6F2-C1B0-464C-888E-5AD89FC9E11F}.Release|Any CPU.Build.0 = Release|Any CPU
	EndGlobalSection
	GlobalSection(SolutionProperties) = preSolution
		HideSolutionNode = FALSE
	EndGlobalSection
	GlobalSection(ExtensibilityGlobals) = postSolution
		SolutionGuid = {7BF74F49-2A99-4ACC-B8E9-870B8619580B}
	EndGlobalSection
EndGlobal
